
Microsoft Visual Studio Solution File, Format Version 12.00
# Visual Studio Version 17
VisualStudioVersion = 17.14.36109.1 d17.14
MinimumVisualStudioVersion = 10.0.40219.1
Project("{FAE04EC0-301F-11D3-BF4B-00C04F79EFBC}") = "MedicineProject.Api", "MedicineProject.Api\MedicineProject.Api.csproj", "{3D17B0D5-9434-4068-8574-6F3183D4BD4C}"
EndProject
Project("{FAE04EC0-301F-11D3-BF4B-00C04F79EFBC}") = "MedicineProject.Data", "MedicineProject.Data\MedicineProject.Data.csproj", "{FE11C1BB-6411-4EAB-981C-ACCB16673E0E}"
EndProject
Project("{FAE04EC0-301F-11D3-BF4B-00C04F79EFBC}") = "MedicineProject.Core", "MedicalProject.Core\MedicineProject.Core.csproj", "{15E4252A-A539-45F1-B845-5460F0ACEAD9}"
EndProject
Global
	GlobalSection(SolutionConfigurationPlatforms) = preSolution
		Debug|Any CPU = Debug|Any CPU
		Release|Any CPU = Release|Any CPU
	EndGlobalSection
	GlobalSection(ProjectConfigurationPlatforms) = postSolution
		{3D17B0D5-9434-4068-8574-6F3183D4BD4C}.Debug|Any CPU.ActiveCfg = Debug|Any CPU
		{3D17B0D5-9434-4068-8574-6F3183D4BD4C}.Debug|Any CPU.Build.0 = Debug|Any CPU
		{3D17B0D5-9434-4068-8574-6F3183D4BD4C}.Release|Any CPU.ActiveCfg = Release|Any CPU
		{3D17B0D5-9434-4068-8574-6F3183D4BD4C}.Release|Any CPU.Build.0 = Release|Any CPU
		{FE11C1BB-6411-4EAB-981C-ACCB16673E0E}.Debug|Any CPU.ActiveCfg = Debug|Any CPU
		{FE11C1BB-6411-4EAB-981C-ACCB16673E0E}.Debug|Any CPU.Build.0 = Debug|Any CPU
		{FE11C1BB-6411-4EAB-981C-ACCB16673E0E}.Release|Any CPU.ActiveCfg = Release|Any CPU
		{FE11C1BB-6411-4EAB-981C-ACCB16673E0E}.Release|Any CPU.Build.0 = Release|Any CPU
		{15E4252A-A539-45F1-B845-5460F0ACEAD9}.Debug|Any CPU.ActiveCfg = Debug|Any CPU
		{15E4252A-A539-45F1-B845-5460F0ACEAD9}.Debug|Any CPU.Build.0 = Debug|Any CPU
		{15E4252A-A539-45F1-B845-5460F0ACEAD9}.Release|Any CPU.ActiveCfg = Release|Any CPU
		{15E4252A-A539-45F1-B845-5460F0ACEAD9}.Release|Any CPU.Build.0 = Release|Any CPU
	EndGlobalSection
	GlobalSection(SolutionProperties) = preSolution
		HideSolutionNode = FALSE
	EndGlobalSection
	GlobalSection(ExtensibilityGlobals) = postSolution
		SolutionGuid = {5D9CFE0A-81DC-44A8-9FFE-B6BEA17EA9A0}
	EndGlobalSection
EndGlobal
